
Microsoft Visual Studio Solution File, Format Version 12.00
# Visual Studio Version 17
VisualStudioVersion = 17.11.35312.102
MinimumVisualStudioVersion = 10.0.40219.1
Project("{2150E333-8FDC-42A3-9474-1A3956D46DE8}") = "FrontEnd", "FrontEnd", "{A39221E2-A6DE-4DE9-B2B6-315E06087F70}"
EndProject
Project("{2150E333-8FDC-42A3-9474-1A3956D46DE8}") = "Gateway", "Gateway", "{38F39A18-651E-48DB-BA4B-709B01986B83}"
EndProject
Project("{2150E333-8FDC-42A3-9474-1A3956D46DE8}") = "Integration", "Integration", "{DB556E96-2AB0-496D-A5F2-6C3EF3A737E8}"
EndProject
Project("{2150E333-8FDC-42A3-9474-1A3956D46DE8}") = "Services", "Services", "{64A95F66-C0D2-4759-A422-35CB5857A67E}"
EndProject
Project("{9A19103F-16F7-4668-BE54-9A1E7A4F7556}") = "Orange.Services.CouponAPI", "Orange.Services.CouponAPI\Orange.Services.CouponAPI.csproj", "{CF546E77-34F2-433E-BFD7-E0297D23997D}"
EndProject
Project("{FAE04EC0-301F-11D3-BF4B-00C04F79EFBC}") = "Orange.Web", "Orange.Web\Orange.Web.csproj", "{098A4FB1-F4FE-4CC5-9587-7B9B03495DAA}"
EndProject
Global
	GlobalSection(SolutionConfigurationPlatforms) = preSolution
		Debug|Any CPU = Debug|Any CPU
		Release|Any CPU = Release|Any CPU
	EndGlobalSection
	GlobalSection(ProjectConfigurationPlatforms) = postSolution
		{CF546E77-34F2-433E-BFD7-E0297D23997D}.Debug|Any CPU.ActiveCfg = Debug|Any CPU
		{CF546E77-34F2-433E-BFD7-E0297D23997D}.Debug|Any CPU.Build.0 = Debug|Any CPU
		{CF546E77-34F2-433E-BFD7-E0297D23997D}.Release|Any CPU.ActiveCfg = Release|Any CPU
		{CF546E77-34F2-433E-BFD7-E0297D23997D}.Release|Any CPU.Build.0 = Release|Any CPU
		{098A4FB1-F4FE-4CC5-9587-7B9B03495DAA}.Debug|Any CPU.ActiveCfg = Debug|Any CPU
		{098A4FB1-F4FE-4CC5-9587-7B9B03495DAA}.Debug|Any CPU.Build.0 = Debug|Any CPU
		{098A4FB1-F4FE-4CC5-9587-7B9B03495DAA}.Release|Any CPU.ActiveCfg = Release|Any CPU
		{098A4FB1-F4FE-4CC5-9587-7B9B03495DAA}.Release|Any CPU.Build.0 = Release|Any CPU
	EndGlobalSection
	GlobalSection(SolutionProperties) = preSolution
		HideSolutionNode = FALSE
	EndGlobalSection
	GlobalSection(NestedProjects) = preSolution
		{CF546E77-34F2-433E-BFD7-E0297D23997D} = {64A95F66-C0D2-4759-A422-35CB5857A67E}
		{098A4FB1-F4FE-4CC5-9587-7B9B03495DAA} = {A39221E2-A6DE-4DE9-B2B6-315E06087F70}
	EndGlobalSection
	GlobalSection(ExtensibilityGlobals) = postSolution
		SolutionGuid = {F15CBF43-3DB1-4040-932C-3424F184C2DE}
	EndGlobalSection
EndGlobal
